
Microsoft Visual Studio Solution File, Format Version 12.00
# Visual Studio 2015
Project("{FAE04EC0-301F-11D3-BF4B-00C04F79EFBC}") = "Epm3d.CSharp.Plugins", "Epm3d.CSharp.Plugins.csproj", "{7347A0E6-14BA-AB8C-94A3-6185E4AECF4E}"
EndProject
Project("{FAE04EC0-301F-11D3-BF4B-00C04F79EFBC}") = "Epm3d.CSharp", "Epm3d.CSharp.csproj", "{C2BC021E-8604-BED5-F1D6-087D627FC84B}"
EndProject
Global
	GlobalSection(SolutionConfigurationPlatforms) = preSolution
		Debug|Any CPU = Debug|Any CPU
		Release|Any CPU = Release|Any CPU
	EndGlobalSection
	GlobalSection(ProjectConfigurationPlatforms) = postSolution
		{7347A0E6-14BA-AB8C-94A3-6185E4AECF4E}.Debug|Any CPU.ActiveCfg = Debug|Any CPU
		{7347A0E6-14BA-AB8C-94A3-6185E4AECF4E}.Debug|Any CPU.Build.0 = Debug|Any CPU
		{7347A0E6-14BA-AB8C-94A3-6185E4AECF4E}.Release|Any CPU.ActiveCfg = Release|Any CPU
		{7347A0E6-14BA-AB8C-94A3-6185E4AECF4E}.Release|Any CPU.Build.0 = Release|Any CPU
		{C2BC021E-8604-BED5-F1D6-087D627FC84B}.Debug|Any CPU.ActiveCfg = Debug|Any CPU
		{C2BC021E-8604-BED5-F1D6-087D627FC84B}.Debug|Any CPU.Build.0 = Debug|Any CPU
		{C2BC021E-8604-BED5-F1D6-087D627FC84B}.Release|Any CPU.ActiveCfg = Release|Any CPU
		{C2BC021E-8604-BED5-F1D6-087D627FC84B}.Release|Any CPU.Build.0 = Release|Any CPU
	EndGlobalSection
	GlobalSection(SolutionProperties) = preSolution
		HideSolutionNode = FALSE
	EndGlobalSection
EndGlobal
